# @generated by Move, please check-in and do not edit manually.

[move]
version = 3
manifest_digest = "E3EFC3488390D37130C0FAC02ECCD0FAF5B535E8EF92E0660553173FFF512774"
deps_digest = "F9B494B64F0615AED0E98FC12A85B85ECD2BC5185C22D30E7F67786BB52E507C"
dependencies = [
  { id = "Pyth", name = "Pyth" },
  { id = "Sui", name = "Sui" },
  { id = "SwitchboardStdLib", name = "SwitchboardStdLib" },
  { id = "supra_holder", name = "supra_holder" },
]

[[move.package]]
id = "MoveStdlib"
source = { git = "https://github.com/MystenLabs/sui.git", rev = "mainnet", subdir = "crates/sui-framework/packages/move-stdlib" }

[[move.package]]
id = "Pyth"
source = { git = "git@github.com:Typus-Lab/pyth-crosschain.git", rev = "mainnet", subdir = "target_chains/sui/contracts" }

dependencies = [
  { id = "Sui", name = "Sui" },
  { id = "Wormhole", name = "Wormhole" },
]

[[move.package]]
id = "Sui"
source = { git = "https://github.com/MystenLabs/sui.git", rev = "mainnet", subdir = "crates/sui-framework/packages/sui-framework" }

dependencies = [
  { id = "MoveStdlib", name = "MoveStdlib" },
]

[[move.package]]
id = "SwitchboardStdLib"
source = { git = "git@github.com:Typus-Lab/sui-sdk.git", rev = "main", subdir = "move/mainnet/switchboard_std" }

dependencies = [
  { id = "MoveStdlib", name = "MoveStdlib" },
  { id = "Sui", name = "Sui" },
]

[[move.package]]
id = "Wormhole"
source = { git = "https://github.com/Typus-Lab/wormhole.git", rev = "mainnet", subdir = "sui/wormhole" }

dependencies = [
  { id = "Sui", name = "Sui" },
]

[[move.package]]
id = "supra_holder"
source = { git = "git@github.com:Typus-Lab/dora-interface.git", rev = "master", subdir = "sui/mainnet/supra_holder" }

dependencies = [
  { id = "Sui", name = "Sui" },
  { id = "supra_validator", name = "supra_validator" },
]

[[move.package]]
id = "supra_utils"
source = { git = "git@github.com:Typus-Lab/dora-interface.git", rev = "master", subdir = "sui/mainnet/supra_utils" }

dependencies = [
  { id = "Sui", name = "Sui" },
]

[[move.package]]
id = "supra_validator"
source = { git = "git@github.com:Typus-Lab/dora-interface.git", rev = "master", subdir = "sui/mainnet/supra_validator" }

dependencies = [
  { id = "Sui", name = "Sui" },
  { id = "supra_utils", name = "supra_utils" },
]

[move.toolchain-version]
compiler-version = "1.35.1"
edition = "2024.beta"
flavor = "sui"

[env]

[env.mainnet]
chain-id = "35834a8a"
original-published-id = "0x054f358d5d3894dd260160eb04d7bf098dc198c79147ca9432e9c7c9828a1728"
latest-published-id = "0xaf44818c67a878b9eba0c63186b00e80d9fc3d1e2ae02f00fa3993b0e683bff3"
published-version = "5"
